// !$*UTF8*$!
{
	archiveVersion = 1;
	classes = {
	};
	objectVersion = 46;
	objects = {

/* Begin PBXBuildFile section */
		1C5DD8061E451C3800226B9B /* AppDelegate.swift in Sources */ = {isa = PBXBuildFile; fileRef = 1C5DD8051E451C3800226B9B /* AppDelegate.swift */; };
		1C5DD8081E451C3800226B9B /* ViewController.swift in Sources */ = {isa = PBXBuildFile; fileRef = 1C5DD8071E451C3800226B9B /* ViewController.swift */; };
		1C5DD80B1E451C3800226B9B /* Main.storyboard in Resources */ = {isa = PBXBuildFile; fileRef = 1C5DD8091E451C3800226B9B /* Main.storyboard */; };
		1C5DD80D1E451C3800226B9B /* Assets.xcassets in Resources */ = {isa = PBXBuildFile; fileRef = 1C5DD80C1E451C3800226B9B /* Assets.xcassets */; };
		1C5DD8101E451C3800226B9B /* LaunchScreen.storyboard in Resources */ = {isa = PBXBuildFile; fileRef = 1C5DD80E1E451C3800226B9B /* LaunchScreen.storyboard */; };
		1C5DD8181E451CE800226B9B /* RestaurantTableViewController.swift in Sources */ = {isa = PBXBuildFile; fileRef = 1C5DD8171E451CE800226B9B /* RestaurantTableViewController.swift */; };
		1C5DD81A1E45EF1100226B9B /* RestaurantTableViewCell.swift in Sources */ = {isa = PBXBuildFile; fileRef = 1C5DD8191E45EF1100226B9B /* RestaurantTableViewCell.swift */; };
		1C5DD8221E48CBE300226B9B /* Restaurant1TableViewController.swift in Sources */ = {isa = PBXBuildFile; fileRef = 1C5DD8211E48CBE300226B9B /* Restaurant1TableViewController.swift */; };
		1C5DD8241E48CC6200226B9B /* sharinganTableViewCell.swift in Sources */ = {isa = PBXBuildFile; fileRef = 1C5DD8231E48CC6200226B9B /* sharinganTableViewCell.swift */; };
		1C5DD8261E4997EE00226B9B /* restaurantDetailViewController.swift in Sources */ = {isa = PBXBuildFile; fileRef = 1C5DD8251E4997EE00226B9B /* restaurantDetailViewController.swift */; };
/* End PBXBuildFile section */

/* Begin PBXFileReference section */
		1C5DD8021E451C3800226B9B /* foodPin_real.app */ = {isa = PBXFileReference; explicitFileType = wrapper.application; includeInIndex = 0; path = foodPin_real.app; sourceTree = BUILT_PRODUCTS_DIR; };
		1C5DD8051E451C3800226B9B /* AppDelegate.swift */ = {isa = PBXFileReference; lastKnownFileType = sourcecode.swift; path = AppDelegate.swift; sourceTree = "<group>"; };
		1C5DD8071E451C3800226B9B /* ViewController.swift */ = {isa = PBXFileReference; lastKnownFileType = sourcecode.swift; path = ViewController.swift; sourceTree = "<group>"; };
		1C5DD80A1E451C3800226B9B /* Base */ = {isa = PBXFileReference; lastKnownFileType = file.storyboard; name = Base; path = Base.lproj/Main.storyboard; sourceTree = "<group>"; };
		1C5DD80C1E451C3800226B9B /* Assets.xcassets */ = {isa = PBXFileReference; lastKnownFileType = folder.assetcatalog; path = Assets.xcassets; sourceTree = "<group>"; };
		1C5DD80F1E451C3800226B9B /* Base */ = {isa = PBXFileReference; lastKnownFileType = file.storyboard; name = Base; path = Base.lproj/LaunchScreen.storyboard; sourceTree = "<group>"; };
		1C5DD8111E451C3800226B9B /* Info.plist */ = {isa = PBXFileReference; lastKnownFileType = text.plist.xml; path = Info.plist; sourceTree = "<group>"; };
		1C5DD8171E451CE800226B9B /* RestaurantTableViewController.swift */ = {isa = PBXFileReference; fileEncoding = 4; lastKnownFileType = sourcecode.swift; path = RestaurantTableViewController.swift; sourceTree = "<group>"; };
		1C5DD8191E45EF1100226B9B /* RestaurantTableViewCell.swift */ = {isa = PBXFileReference; fileEncoding = 4; lastKnownFileType = sourcecode.swift; path = RestaurantTableViewCell.swift; sourceTree = "<group>"; };
		1C5DD8211E48CBE300226B9B /* Restaurant1TableViewController.swift */ = {isa = PBXFileReference; fileEncoding = 4; lastKnownFileType = sourcecode.swift; path = Restaurant1TableViewController.swift; sourceTree = "<group>"; };
		1C5DD8231E48CC6200226B9B /* sharinganTableViewCell.swift */ = {isa = PBXFileReference; fileEncoding = 4; lastKnownFileType = sourcecode.swift; name = sharinganTableViewCell.swift; path = ../sharinganTableViewCell.swift; sourceTree = "<group>"; };
		1C5DD8251E4997EE00226B9B /* restaurantDetailViewController.swift */ = {isa = PBXFileReference; fileEncoding = 4; lastKnownFileType = sourcecode.swift; path = restaurantDetailViewController.swift; sourceTree = "<group>"; };
/* End PBXFileReference section */

/* Begin PBXFrameworksBuildPhase section */
		1C5DD7FF1E451C3800226B9B /* Frameworks */ = {
			isa = PBXFrameworksBuildPhase;
			buildActionMask = 2147483647;
			files = (
			);
			runOnlyForDeploymentPostprocessing = 0;
		};
/* End PBXFrameworksBuildPhase section */

/* Begin PBXGroup section */
		1C5DD7F91E451C3800226B9B = {
			isa = PBXGroup;
			children = (
				1C5DD8041E451C3800226B9B /* foodPin_real */,
				1C5DD8031E451C3800226B9B /* Products */,
			);
			sourceTree = "<group>";
		};
		1C5DD8031E451C3800226B9B /* Products */ = {
			isa = PBXGroup;
			children = (
				1C5DD8021E451C3800226B9B /* foodPin_real.app */,
			);
			name = Products;
			sourceTree = "<group>";
		};
		1C5DD8041E451C3800226B9B /* foodPin_real */ = {
			isa = PBXGroup;
			children = (
				1C5DD8051E451C3800226B9B /* AppDelegate.swift */,
				1C5DD8071E451C3800226B9B /* ViewController.swift */,
				1C5DD8091E451C3800226B9B /* Main.storyboard */,
				1C5DD8171E451CE800226B9B /* RestaurantTableViewController.swift */,
				1C5DD8251E4997EE00226B9B /* restaurantDetailViewController.swift */,
				1C5DD8211E48CBE300226B9B /* Restaurant1TableViewController.swift */,
				1C5DD8191E45EF1100226B9B /* RestaurantTableViewCell.swift */,
				1C5DD8231E48CC6200226B9B /* sharinganTableViewCell.swift */,
				1C5DD80C1E451C3800226B9B /* Assets.xcassets */,
				1C5DD80E1E451C3800226B9B /* LaunchScreen.storyboard */,
				1C5DD8111E451C3800226B9B /* Info.plist */,
			);
			path = foodPin_real;
			sourceTree = "<group>";
		};
/* End PBXGroup section */

/* Begin PBXNativeTarget section */
		1C5DD8011E451C3800226B9B /* foodPin_real */ = {
			isa = PBXNativeTarget;
			buildConfigurationList = 1C5DD8141E451C3800226B9B /* Build configuration list for PBXNativeTarget "foodPin_real" */;
			buildPhases = (
				1C5DD7FE1E451C3800226B9B /* Sources */,
				1C5DD7FF1E451C3800226B9B /* Frameworks */,
				1C5DD8001E451C3800226B9B /* Resources */,
			);
			buildRules = (
			);
			dependencies = (
			);
			name = foodPin_real;
			productName = foodPin_real;
			productReference = 1C5DD8021E451C3800226B9B /* foodPin_real.app */;
			productType = "com.apple.product-type.application";
		};
/* End PBXNativeTarget section */

/* Begin PBXProject section */
		1C5DD7FA1E451C3800226B9B /* Project object */ = {
			isa = PBXProject;
			attributes = {
				LastSwiftUpdateCheck = 0810;
				LastUpgradeCheck = 0810;
				ORGANIZATIONNAME = "indresh arora";
				TargetAttributes = {
					1C5DD8011E451C3800226B9B = {
						CreatedOnToolsVersion = 8.1;
						ProvisioningStyle = Automatic;
					};
				};
			};
			buildConfigurationList = 1C5DD7FD1E451C3800226B9B /* Build configuration list for PBXProject "foodPin_real" */;
			compatibilityVersion = "Xcode 3.2";
			developmentRegion = English;
			hasScannedForEncodings = 0;
			knownRegions = (
				en,
				Base,
			);
			mainGroup = 1C5DD7F91E451C3800226B9B;
			productRefGroup = 1C5DD8031E451C3800226B9B /* Products */;
			projectDirPath = "";
			projectRoot = "";
			targets = (
				1C5DD8011E451C3800226B9B /* foodPin_real */,
			);
		};
/* End PBXProject section */

/* Begin PBXResourcesBuildPhase section */
		1C5DD8001E451C3800226B9B /* Resources */ = {
			isa = PBXResourcesBuildPhase;
			buildActionMask = 2147483647;
			files = (
				1C5DD8101E451C3800226B9B /* LaunchScreen.storyboard in Resources */,
				1C5DD80D1E451C3800226B9B /* Assets.xcassets in Resources */,
				1C5DD80B1E451C3800226B9B /* Main.storyboard in Resources */,
			);
			runOnlyForDeploymentPostprocessing = 0;
		};
/* End PBXResourcesBuildPhase section */

/* Begin PBXSourcesBuildPhase section */
		1C5DD7FE1E451C3800226B9B /* Sources */ = {
			isa = PBXSourcesBuildPhase;
			buildActionMask = 2147483647;
			files = (
				1C5DD81A1E45EF1100226B9B /* RestaurantTableViewCell.swift in Sources */,
				1C5DD8221E48CBE300226B9B /* Restaurant1TableViewController.swift in Sources */,
				1C5DD8081E451C3800226B9B /* ViewController.swift in Sources */,
				1C5DD8261E4997EE00226B9B /* restaurantDetailViewController.swift in Sources */,
				1C5DD8241E48CC6200226B9B /* sharinganTableViewCell.swift in Sources */,
				1C5DD8061E451C3800226B9B /* AppDelegate.swift in Sources */,
				1C5DD8181E451CE800226B9B /* RestaurantTableViewController.swift in Sources */,
			);
			runOnlyForDeploymentPostprocessing = 0;
		};
/* End PBXSourcesBuildPhase section */

/* Begin PBXVariantGroup section */
		1C5DD8091E451C3800226B9B /* Main.storyboard */ = {
			isa = PBXVariantGroup;
			children = (
				1C5DD80A1E451C3800226B9B /* Base */,
			);
			name = Main.storyboard;
			sourceTree = "<group>";
		};
		1C5DD80E1E451C3800226B9B /* LaunchScreen.storyboard */ = {
			isa = PBXVariantGroup;
			children = (
				1C5DD80F1E451C3800226B9B /* Base */,
			);
			name = LaunchScreen.storyboard;
			sourceTree = "<group>";
		};
/* End PBXVariantGroup section */

/* Begin XCBuildConfiguration section */
		1C5DD8121E451C3800226B9B /* Debug */ = {
			isa = XCBuildConfiguration;
			buildSettings = {
				ALWAYS_SEARCH_USER_PATHS = NO;
				CLANG_ANALYZER_NONNULL = YES;
				CLANG_CXX_LANGUAGE_STANDARD = "gnu++0x";
				CLANG_CXX_LIBRARY = "libc++";
				CLANG_ENABLE_MODULES = YES;
				CLANG_ENABLE_OBJC_ARC = YES;
				CLANG_WARN_BOOL_CONVERSION = YES;
				CLANG_WARN_CONSTANT_CONVERSION = YES;
				CLANG_WARN_DIRECT_OBJC_ISA_USAGE = YES_ERROR;
				CLANG_WARN_DOCUMENTATION_COMMENTS = YES;
				CLANG_WARN_EMPTY_BODY = YES;
				CLANG_WARN_ENUM_CONVERSION = YES;
				CLANG_WARN_INFINITE_RECURSION = YES;
				CLANG_WARN_INT_CONVERSION = YES;
				CLANG_WARN_OBJC_ROOT_CLASS = YES_ERROR;
				CLANG_WARN_SUSPICIOUS_MOVES = YES;
				CLANG_WARN_UNREACHABLE_CODE = YES;
				CLANG_WARN__DUPLICATE_METHOD_MATCH = YES;
				"CODE_SIGN_IDENTITY[sdk=iphoneos*]" = "iPhone Developer";
				COPY_PHASE_STRIP = NO;
				DEBUG_INFORMATION_FORMAT = dwarf;
				ENABLE_STRICT_OBJC_MSGSEND = YES;
				ENABLE_TESTABILITY = YES;
				GCC_C_LANGUAGE_STANDARD = gnu99;
				GCC_DYNAMIC_NO_PIC = NO;
				GCC_NO_COMMON_BLOCKS = YES;
				GCC_OPTIMIZATION_LEVEL = 0;
				GCC_PREPROCESSOR_DEFINITIONS = (
					"DEBUG=1",
					"$(inherited)",
				);
				GCC_WARN_64_TO_32_BIT_CONVERSION = YES;
				GCC_WARN_ABOUT_RETURN_TYPE = YES_ERROR;
				GCC_WARN_UNDECLARED_SELECTOR = YES;
				GCC_WARN_UNINITIALIZED_AUTOS = YES_AGGRESSIVE;
				GCC_WARN_UNUSED_FUNCTION = YES;
				GCC_WARN_UNUSED_VARIABLE = YES;
				IPHONEOS_DEPLOYMENT_TARGET = 10.1;
				MTL_ENABLE_DEBUG_INFO = YES;
				ONLY_ACTIVE_ARCH = YES;
				SDKROOT = iphoneos;
				SWIFT_ACTIVE_COMPILATION_CONDITIONS = DEBUG;
				SWIFT_OPTIMIZATION_LEVEL = "-Onone";
				TARGETED_DEVICE_FAMILY = "1,2";
			};
			name = Debug;
		};
		1C5DD8131E451C3800226B9B /* Release */ = {
			isa = XCBuildConfiguration;
			buildSettings = {
				ALWAYS_SEARCH_USER_PATHS = NO;
				CLANG_ANALYZER_NONNULL = YES;
				CLANG_CXX_LANGUAGE_STANDARD = "gnu++0x";
				CLANG_CXX_LIBRARY = "libc++";
				CLANG_ENABLE_MODULES = YES;
				CLANG_ENABLE_OBJC_ARC = YES;
				CLANG_WARN_BOOL_CONVERSION = YES;
				CLANG_WARN_CONSTANT_CONVERSION = YES;
				CLANG_WARN_DIRECT_OBJC_ISA_USAGE = YES_ERROR;
				CLANG_WARN_DOCUMENTATION_COMMENTS = YES;
				CLANG_WARN_EMPTY_BODY = YES;
				CLANG_WARN_ENUM_CONVERSION = YES;
				CLANG_WARN_INFINITE_RECURSION = YES;
				CLANG_WARN_INT_CONVERSION = YES;
				CLANG_WARN_OBJC_ROOT_CLASS = YES_ERROR;
				CLANG_WARN_SUSPICIOUS_MOVES = YES;
				CLANG_WARN_UNREACHABLE_CODE = YES;
				CLANG_WARN__DUPLICATE_METHOD_MATCH = YES;
				"CODE_SIGN_IDENTITY[sdk=iphoneos*]" = "iPhone Developer";
				COPY_PHASE_STRIP = NO;
				DEBUG_INFORMATION_FORMAT = "dwarf-with-dsym";
				ENABLE_NS_ASSERTIONS = NO;
				ENABLE_STRICT_OBJC_MSGSEND = YES;
				GCC_C_LANGUAGE_STANDARD = gnu99;
				GCC_NO_COMMON_BLOCKS = YES;
				GCC_WARN_64_TO_32_BIT_CONVERSION = YES;
				GCC_WARN_ABOUT_RETURN_TYPE = YES_ERROR;
				GCC_WARN_UNDECLARED_SELECTOR = YES;
				GCC_WARN_UNINITIALIZED_AUTOS = YES_AGGRESSIVE;
				GCC_WARN_UNUSED_FUNCTION = YES;
				GCC_WARN_UNUSED_VARIABLE = YES;
				IPHONEOS_DEPLOYMENT_TARGET = 10.1;
				MTL_ENABLE_DEBUG_INFO = NO;
				SDKROOT = iphoneos;
				SWIFT_OPTIMIZATION_LEVEL = "-Owholemodule";
				TARGETED_DEVICE_FAMILY = "1,2";
				VALIDATE_PRODUCT = YES;
			};
			name = Release;
		};
		1C5DD8151E451C3800226B9B /* Debug */ = {
			isa = XCBuildConfiguration;
			buildSettings = {
				ASSETCATALOG_COMPILER_APPICON_NAME = AppIcon;
				INFOPLIST_FILE = foodPin_real/Info.plist;
				LD_RUNPATH_SEARCH_PATHS = "$(inherited) @executable_path/Frameworks";
				PRODUCT_BUNDLE_IDENTIFIER = "ia.foodPin-real";
				PRODUCT_NAME = "$(TARGET_NAME)";
				SWIFT_VERSION = 3.0;
			};
			name = Debug;
		};
		1C5DD8161E451C3800226B9B /* Release */ = {
			isa = XCBuildConfiguration;
			buildSettings = {
				ASSETCATALOG_COMPILER_APPICON_NAME = AppIcon;
				INFOPLIST_FILE = foodPin_real/Info.plist;
				LD_RUNPATH_SEARCH_PATHS = "$(inherited) @executable_path/Frameworks";
				PRODUCT_BUNDLE_IDENTIFIER = "ia.foodPin-real";
				PRODUCT_NAME = "$(TARGET_NAME)";
				SWIFT_VERSION = 3.0;
			};
			name = Release;
		};
/* End XCBuildConfiguration section */

/* Begin XCConfigurationList section */
		1C5DD7FD1E451C3800226B9B /* Build configuration list for PBXProject "foodPin_real" */ = {
			isa = XCConfigurationList;
			buildConfigurations = (
				1C5DD8121E451C3800226B9B /* Debug */,
				1C5DD8131E451C3800226B9B /* Release */,
			);
			defaultConfigurationIsVisible = 0;
			defaultConfigurationName = Release;
		};
		1C5DD8141E451C3800226B9B /* Build configuration list for PBXNativeTarget "foodPin_real" */ = {
			isa = XCConfigurationList;
			buildConfigurations = (
				1C5DD8151E451C3800226B9B /* Debug */,
				1C5DD8161E451C3800226B9B /* Release */,
			);
			defaultConfigurationIsVisible = 0;
			defaultConfigurationName = Release;
		};
/* End XCConfigurationList section */
	};
	rootObject = 1C5DD7FA1E451C3800226B9B /* Project object */;
}
